{
  "name": "signalk-autopilot-emulator-v2",
  "version": "0.1.7",
  "lockfileVersion": 3,
  "requires": true,
  "packages": {
    "": {
      "name": "signalk-autopilot-emulator-v2",
      "version": "0.1.7",
      "license": "Apache-2.0",
      "devDependencies": {},
      "engines": {
        "node": ">=18"
      }
    }
  }
}
